{
  "name": "初級アウトプット課題",
  "lockfileVersion": 3,
  "requires": true,
  "packages": {
    "": {
      "devDependencies": {
        "@awmottaz/prettier-plugin-void-html": "^1.9.0"
      }
    },
    "node_modules/@awmottaz/prettier-plugin-void-html": {
      "version": "1.9.0",
      "resolved": "https://registry.npmjs.org/@awmottaz/prettier-plugin-void-html/-/prettier-plugin-void-html-1.9.0.tgz",
      "integrity": "sha512-NMwspO5GtUU9PESivdrx86z7XTm0lM5DDoMMVtYUp7nBQXak23j9/aB9tNR9XuVyoXYhdvxhEjXal9DfUqZnNg==",
      "dev": true,
      "license": "MIT",
      "peerDependencies": {
        "prettier": "3.0.0 - 3.6.x"
      }
    },
    "node_modules/prettier": {
      "version": "3.6.2",
      "resolved": "https://registry.npmjs.org/prettier/-/prettier-3.6.2.tgz",
      "integrity": "sha512-I7AIg5boAr5R0FFtJ6rCfD+LFsWHp81dolrFD8S79U9tb8Az2nGrJncnMSnys+bpQJfRUzqs9hnA81OAA3hCuQ==",
      "dev": true,
      "license": "MIT",
      "peer": true,
      "bin": {
        "prettier": "bin/prettier.cjs"
      },
      "engines": {
        "node": ">=14"
      },
      "funding": {
        "url": "https://github.com/prettier/prettier?sponsor=1"
      }
    }
  }
}
